
Microsoft Visual Studio Solution File, Format Version 12.00
# Visual Studio 15
VisualStudioVersion = 15.0.28307.329
MinimumVisualStudioVersion = 10.0.40219.1
Project("{FAE04EC0-301F-11D3-BF4B-00C04F79EFBC}") = "magentmanager", "magentmanager\magentmanager.csproj", "{30FDAA4E-C11A-46C8-90EE-804AB0F631C4}"
EndProject
Project("{FAE04EC0-301F-11D3-BF4B-00C04F79EFBC}") = "ControlMAgent.Base", "..\ControlMAgent.Base\ControlMAgent.Base\ControlMAgent.Base.csproj", "{27205917-DF7E-4438-A8A2-0752FB107902}"
EndProject
Project("{FAE04EC0-301F-11D3-BF4B-00C04F79EFBC}") = "ControlMAgent.NewTask", "ControlMAgent.NewTask\ControlMAgent.NewTask.csproj", "{C6BDEB94-EC3F-4FB9-AE13-98043D125D40}"
EndProject
Project("{FAE04EC0-301F-11D3-BF4B-00C04F79EFBC}") = "ControlMAgent.CCM", "ControlMAgent.CCM\ControlMAgent.CCM.csproj", "{316173D5-B7DC-4B02-863F-AE699B5E2395}"
EndProject
Global
	GlobalSection(SolutionConfigurationPlatforms) = preSolution
		Debug|Any CPU = Debug|Any CPU
		Release|Any CPU = Release|Any CPU
	EndGlobalSection
	GlobalSection(ProjectConfigurationPlatforms) = postSolution
		{30FDAA4E-C11A-46C8-90EE-804AB0F631C4}.Debug|Any CPU.ActiveCfg = Debug|Any CPU
		{30FDAA4E-C11A-46C8-90EE-804AB0F631C4}.Debug|Any CPU.Build.0 = Debug|Any CPU
		{30FDAA4E-C11A-46C8-90EE-804AB0F631C4}.Release|Any CPU.ActiveCfg = Release|Any CPU
		{30FDAA4E-C11A-46C8-90EE-804AB0F631C4}.Release|Any CPU.Build.0 = Release|Any CPU
		{27205917-DF7E-4438-A8A2-0752FB107902}.Debug|Any CPU.ActiveCfg = Debug|Any CPU
		{27205917-DF7E-4438-A8A2-0752FB107902}.Debug|Any CPU.Build.0 = Debug|Any CPU
		{27205917-DF7E-4438-A8A2-0752FB107902}.Release|Any CPU.ActiveCfg = Release|Any CPU
		{27205917-DF7E-4438-A8A2-0752FB107902}.Release|Any CPU.Build.0 = Release|Any CPU
		{C6BDEB94-EC3F-4FB9-AE13-98043D125D40}.Debug|Any CPU.ActiveCfg = Debug|Any CPU
		{C6BDEB94-EC3F-4FB9-AE13-98043D125D40}.Debug|Any CPU.Build.0 = Debug|Any CPU
		{C6BDEB94-EC3F-4FB9-AE13-98043D125D40}.Release|Any CPU.ActiveCfg = Release|Any CPU
		{C6BDEB94-EC3F-4FB9-AE13-98043D125D40}.Release|Any CPU.Build.0 = Release|Any CPU
		{316173D5-B7DC-4B02-863F-AE699B5E2395}.Debug|Any CPU.ActiveCfg = Debug|Any CPU
		{316173D5-B7DC-4B02-863F-AE699B5E2395}.Debug|Any CPU.Build.0 = Debug|Any CPU
		{316173D5-B7DC-4B02-863F-AE699B5E2395}.Release|Any CPU.ActiveCfg = Release|Any CPU
		{316173D5-B7DC-4B02-863F-AE699B5E2395}.Release|Any CPU.Build.0 = Release|Any CPU
	EndGlobalSection
	GlobalSection(SolutionProperties) = preSolution
		HideSolutionNode = FALSE
	EndGlobalSection
	GlobalSection(ExtensibilityGlobals) = postSolution
		SolutionGuid = {49720E9B-FED4-45B0-863C-25F7D362A7C3}
	EndGlobalSection
EndGlobal
